# This file is @generated by PDM.
# It is not intended for manual editing.

[metadata]
groups = ["default", "doc", "dev"]
strategy = ["cross_platform", "inherit_metadata"]
lock_version = "4.4.1"
content_hash = "sha256:39285889bc6b383b5587c41dcbcac6b573d816760a25c4e28c33ab0b23aba4fa"

[[package]]
name = "alabaster"
version = "0.7.16"
requires_python = ">=3.9"
summary = "A light, configurable Sphinx theme"
groups = ["dev", "doc"]
files = [
    {file = "alabaster-0.7.16-py3-none-any.whl", hash = "sha256:b46733c07dce03ae4e150330b975c75737fa60f0a7c591b6c8bf4928a28e2c92"},
    {file = "alabaster-0.7.16.tar.gz", hash = "sha256:75a8b99c28a5dad50dd7f8ccdd447a121ddb3892da9e53d1ca5cca3106d58d65"},
]

[[package]]
name = "anyio"
version = "4.10.0"
requires_python = ">=3.9"
summary = "High-level concurrency and networking framework on top of asyncio or Trio"
groups = ["dev"]
dependencies = [
    "idna>=2.8",
    "sniffio>=1.1",
    "typing-extensions>=4.5; python_version < \"3.13\"",
]
files = [
    {file = "anyio-4.10.0-py3-none-any.whl", hash = "sha256:60e474ac86736bbfd6f210f7a61218939c318f43f9972497381f1c5e930ed3d1"},
    {file = "anyio-4.10.0.tar.gz", hash = "sha256:3f3fae35c96039744587aa5b8371e7e8e603c0702999535961dd336026973ba6"},
]

[[package]]
name = "babel"
version = "2.14.0"
requires_python = ">=3.7"
summary = "Internationalization utilities"
groups = ["dev", "doc"]
files = [
    {file = "Babel-2.14.0-py3-none-any.whl", hash = "sha256:efb1a25b7118e67ce3a259bed20545c29cb68be8ad2c784c83689981b7a57287"},
    {file = "Babel-2.14.0.tar.gz", hash = "sha256:6919867db036398ba21eb5c7a0f6b28ab8cbc3ae7a73a44ebe34ae74a4e7d363"},
]

[[package]]
name = "beautifulsoup4"
version = "4.12.3"
requires_python = ">=3.6.0"
summary = "Screen-scraping library"
groups = ["doc"]
dependencies = [
    "soupsieve>1.2",
]
files = [
    {file = "beautifulsoup4-4.12.3-py3-none-any.whl", hash = "sha256:b80878c9f40111313e55da8ba20bdba06d8fa3969fc68304167741bbf9e082ed"},
    {file = "beautifulsoup4-4.12.3.tar.gz", hash = "sha256:74e3d1928edc070d21748185c46e3fb33490f22f52a3addee9aee0f4f7781051"},
]

[[package]]
name = "certifi"
version = "2024.2.2"
requires_python = ">=3.6"
summary = "Python package for providing Mozilla's CA Bundle."
groups = ["dev", "doc"]
files = [
    {file = "certifi-2024.2.2-py3-none-any.whl", hash = "sha256:dc383c07b76109f368f6106eee2b593b04a011ea4d55f652c6ca24a754d1cdd1"},
    {file = "certifi-2024.2.2.tar.gz", hash = "sha256:0569859f95fc761b18b45ef421b1290a0f65f147e92a1e5eb3e635f9a5e4e66f"},
]

[[package]]
name = "charset-normalizer"
version = "3.3.2"
requires_python = ">=3.7.0"
summary = "The Real First Universal Charset Detector. Open, modern and actively maintained alternative to Chardet."
groups = ["dev", "doc"]
files = [
    {file = "charset-normalizer-3.3.2.tar.gz", hash = "sha256:f30c3cb33b24454a82faecaf01b19c18562b1e89558fb6c56de4d9118a032fd5"},
    {file = "charset_normalizer-3.3.2-cp311-cp311-macosx_10_9_universal2.whl", hash = "sha256:802fe99cca7457642125a8a88a084cef28ff0cf9407060f7b93dca5aa25480db"},
    {file = "charset_normalizer-3.3.2-cp311-cp311-macosx_10_9_x86_64.whl", hash = "sha256:573f6eac48f4769d667c4442081b1794f52919e7edada77495aaed9236d13a96"},
    {file = "charset_normalizer-3.3.2-cp311-cp311-macosx_11_0_arm64.whl", hash = "sha256:549a3a73da901d5bc3ce8d24e0600d1fa85524c10287f6004fbab87672bf3e1e"},
    {file = "charset_normalizer-3.3.2-cp311-cp311-manylinux_2_17_aarch64.manylinux2014_aarch64.whl", hash = "sha256:f27273b60488abe721a075bcca6d7f3964f9f6f067c8c4c605743023d7d3944f"},
    {file = "charset_normalizer-3.3.2-cp311-cp311-manylinux_2_17_ppc64le.manylinux2014_ppc64le.whl", hash = "sha256:1ceae2f17a9c33cb48e3263960dc5fc8005351ee19db217e9b1bb15d28c02574"},
    {file = "charset_normalizer-3.3.2-cp311-cp311-manylinux_2_17_s390x.manylinux2014_s390x.whl", hash = "sha256:65f6f63034100ead094b8744b3b97965785388f308a64cf8d7c34f2f2e5be0c4"},
    {file = "charset_normalizer-3.3.2-cp311-cp311-manylinux_2_17_x86_64.manylinux2014_x86_64.whl", hash = "sha256:753f10e867343b4511128c6ed8c82f7bec3bd026875576dfd88483c5c73b2fd8"},
    {file = "charset_normalizer-3.3.2-cp311-cp311-manylinux_2_5_i686.manylinux1_i686.manylinux_2_17_i686.manylinux2014_i686.whl", hash = "sha256:4a78b2b446bd7c934f5dcedc588903fb2f5eec172f3d29e52a9096a43722adfc"},
    {file = "charset_normalizer-3.3.2-cp311-cp311-musllinux_1_1_aarch64.whl", hash = "sha256:e537484df0d8f426ce2afb2d0f8e1c3d0b114b83f8850e5f2fbea0e797bd82ae"},
    {file = "charset_normalizer-3.3.2-cp311-cp311-musllinux_1_1_i686.whl", hash = "sha256:eb6904c354526e758fda7167b33005998fb68c46fbc10e013ca97f21ca5c8887"},
    {file = "charset_normalizer-3.3.2-cp311-cp311-musllinux_1_1_ppc64le.whl", hash = "sha256:deb6be0ac38ece9ba87dea880e438f25ca3eddfac8b002a2ec3d9183a454e8ae"},
    {file = "charset_normalizer-3.3.2-cp311-cp311-musllinux_1_1_s390x.whl", hash = "sha256:4ab2fe47fae9e0f9dee8c04187ce5d09f48eabe611be8259444906793ab7cbce"},
    {file = "charset_normalizer-3.3.2-cp311-cp311-musllinux_1_1_x86_64.whl", hash = "sha256:80402cd6ee291dcb72644d6eac93785fe2c8b9cb30893c1af5b8fdd753b9d40f"},
    {file = "charset_normalizer-3.3.2-cp311-cp311-win32.whl", hash = "sha256:7cd13a2e3ddeed6913a65e66e94b51d80a041145a026c27e6bb76c31a853c6ab"},
    {file = "charset_normalizer-3.3.2-cp311-cp311-win_amd64.whl", hash = "sha256:663946639d296df6a2bb2aa51b60a2454ca1cb29835324c640dafb5ff2131a77"},
    {file = "charset_normalizer-3.3.2-py3-none-any.whl", hash = "sha256:3e4d1f6587322d2788836a99c69062fbb091331ec940e02d12d179c1d53e25fc"},
]

[[package]]
name = "click"
version = "8.2.1"
requires_python = ">=3.10"
summary = "Composable command line interface toolkit"
groups = ["dev"]
dependencies = [
    "colorama; platform_system == \"Windows\"",
]
files = [
    {file = "click-8.2.1-py3-none-any.whl", hash = "sha256:61a3265b914e850b85317d0b3109c7f8cd35a670f963866005d6ef1d5175a12b"},
    {file = "click-8.2.1.tar.gz", hash = "sha256:27c491cc05d968d271d5a1db13e3b5a184636d9d930f148c50b038f0d0646202"},
]

[[package]]
name = "colorama"
version = "0.4.6"
requires_python = "!=3.0.*,!=3.1.*,!=3.2.*,!=3.3.*,!=3.4.*,!=3.5.*,!=3.6.*,>=2.7"
summary = "Cross-platform colored terminal text."
groups = ["dev", "doc"]
files = [
    {file = "colorama-0.4.6-py2.py3-none-any.whl", hash = "sha256:4f1d9991f5acc0ca119f9d443620b77f9d6b33703e51011c16baf57afb285fc6"},
    {file = "colorama-0.4.6.tar.gz", hash = "sha256:08695f5cb7ed6e0531a20572697297273c47b8cae5a63ffc6d6ed5c201be6e44"},
]

[[package]]
name = "docutils"
version = "0.21.1"
requires_python = ">=3.9"
summary = "Docutils -- Python Documentation Utilities"
groups = ["dev", "doc"]
files = [
    {file = "docutils-0.21.1-py3-none-any.whl", hash = "sha256:14c8d34a55b46c88f9f714adb29cefbdd69fb82f3fef825e59c5faab935390d8"},
    {file = "docutils-0.21.1.tar.gz", hash = "sha256:65249d8a5345bc95e0f40f280ba63c98eb24de35c6c8f5b662e3e8948adea83f"},
]

[[package]]
name = "h11"
version = "0.16.0"
requires_python = ">=3.8"
summary = "A pure-Python, bring-your-own-I/O implementation of HTTP/1.1"
groups = ["dev"]
files = [
    {file = "h11-0.16.0-py3-none-any.whl", hash = "sha256:63cf8bbe7522de3bf65932fda1d9c2772064ffb3dae62d55932da54b31cb6c86"},
    {file = "h11-0.16.0.tar.gz", hash = "sha256:4e35b956cf45792e4caa5885e69fba00bdbc6ffafbfa020300e549b208ee5ff1"},
]

[[package]]
name = "idna"
version = "3.7"
requires_python = ">=3.5"
summary = "Internationalized Domain Names in Applications (IDNA)"
groups = ["dev", "doc"]
files = [
    {file = "idna-3.7-py3-none-any.whl", hash = "sha256:82fee1fc78add43492d3a1898bfa6d8a904cc97d8427f683ed8e798d07761aa0"},
    {file = "idna-3.7.tar.gz", hash = "sha256:028ff3aadf0609c1fd278d8ea3089299412a7a8b9bd005dd08b9f8285bcb5cfc"},
]

[[package]]
name = "imagesize"
version = "1.4.1"
requires_python = ">=2.7, !=3.0.*, !=3.1.*, !=3.2.*, !=3.3.*"
summary = "Getting image size from png/jpeg/jpeg2000/gif file"
groups = ["dev", "doc"]
files = [
    {file = "imagesize-1.4.1-py2.py3-none-any.whl", hash = "sha256:0d8d18d08f840c19d0ee7ca1fd82490fdc3729b7ac93f49870406ddde8ef8d8b"},
    {file = "imagesize-1.4.1.tar.gz", hash = "sha256:69150444affb9cb0d5cc5a92b3676f0b2fb7cd9ae39e947a5e11a36b4497cd4a"},
]

[[package]]
name = "jinja2"
version = "3.1.3"
requires_python = ">=3.7"
summary = "A very fast and expressive template engine."
groups = ["dev", "doc"]
dependencies = [
    "MarkupSafe>=2.0",
]
files = [
    {file = "Jinja2-3.1.3-py3-none-any.whl", hash = "sha256:7d6d50dd97d52cbc355597bd845fabfbac3f551e1f99619e39a35ce8c370b5fa"},
    {file = "Jinja2-3.1.3.tar.gz", hash = "sha256:ac8bd6544d4bb2c9792bf3a159e80bba8fda7f07e81bc3aed565432d5925ba90"},
]

[[package]]
name = "markupsafe"
version = "2.1.5"
requires_python = ">=3.7"
summary = "Safely add untrusted strings to HTML/XML markup."
groups = ["dev", "doc"]
files = [
    {file = "MarkupSafe-2.1.5-cp311-cp311-macosx_10_9_universal2.whl", hash = "sha256:629ddd2ca402ae6dbedfceeba9c46d5f7b2a61d9749597d4307f943ef198fc1f"},
    {file = "MarkupSafe-2.1.5-cp311-cp311-macosx_10_9_x86_64.whl", hash = "sha256:5b7b716f97b52c5a14bffdf688f971b2d5ef4029127f1ad7a513973cfd818df2"},
    {file = "MarkupSafe-2.1.5-cp311-cp311-manylinux_2_17_aarch64.manylinux2014_aarch64.whl", hash = "sha256:6ec585f69cec0aa07d945b20805be741395e28ac1627333b1c5b0105962ffced"},
    {file = "MarkupSafe-2.1.5-cp311-cp311-manylinux_2_17_x86_64.manylinux2014_x86_64.whl", hash = "sha256:b91c037585eba9095565a3556f611e3cbfaa42ca1e865f7b8015fe5c7336d5a5"},
    {file = "MarkupSafe-2.1.5-cp311-cp311-manylinux_2_5_i686.manylinux1_i686.manylinux_2_17_i686.manylinux2014_i686.whl", hash = "sha256:7502934a33b54030eaf1194c21c692a534196063db72176b0c4028e140f8f32c"},
    {file = "MarkupSafe-2.1.5-cp311-cp311-musllinux_1_1_aarch64.whl", hash = "sha256:0e397ac966fdf721b2c528cf028494e86172b4feba51d65f81ffd65c63798f3f"},
    {file = "MarkupSafe-2.1.5-cp311-cp311-musllinux_1_1_i686.whl", hash = "sha256:c061bb86a71b42465156a3ee7bd58c8c2ceacdbeb95d05a99893e08b8467359a"},
    {file = "MarkupSafe-2.1.5-cp311-cp311-musllinux_1_1_x86_64.whl", hash = "sha256:3a57fdd7ce31c7ff06cdfbf31dafa96cc533c21e443d57f5b1ecc6cdc668ec7f"},
    {file = "MarkupSafe-2.1.5-cp311-cp311-win32.whl", hash = "sha256:397081c1a0bfb5124355710fe79478cdbeb39626492b15d399526ae53422b906"},
    {file = "MarkupSafe-2.1.5-cp311-cp311-win_amd64.whl", hash = "sha256:2b7c57a4dfc4f16f7142221afe5ba4e093e09e728ca65c51f5620c9aaeb9a617"},
    {file = "MarkupSafe-2.1.5.tar.gz", hash = "sha256:d283d37a890ba4c1ae73ffadf8046435c76e7bc2247bbb63c00bd1a709c6544b"},
]

[[package]]
name = "packaging"
version = "24.0"
requires_python = ">=3.7"
summary = "Core utilities for Python packages"
groups = ["dev", "doc"]
files = [
    {file = "packaging-24.0-py3-none-any.whl", hash = "sha256:2ddfb553fdf02fb784c234c7ba6ccc288296ceabec964ad2eae3777778130bc5"},
    {file = "packaging-24.0.tar.gz", hash = "sha256:eb82c5e3e56209074766e6885bb04b8c38a0c015d0a30036ebe7ece34c9989e9"},
]

[[package]]
name = "pygments"
version = "2.17.2"
requires_python = ">=3.7"
summary = "Pygments is a syntax highlighting package written in Python."
groups = ["dev", "doc"]
files = [
    {file = "pygments-2.17.2-py3-none-any.whl", hash = "sha256:b27c2826c47d0f3219f29554824c30c5e8945175d888647acd804ddd04af846c"},
    {file = "pygments-2.17.2.tar.gz", hash = "sha256:da46cec9fd2de5be3a8a784f434e4c4ab670b4ff54d605c4c2717e9d49c4c367"},
]

[[package]]
name = "requests"
version = "2.31.0"
requires_python = ">=3.7"
summary = "Python HTTP for Humans."
groups = ["dev", "doc"]
dependencies = [
    "certifi>=2017.4.17",
    "charset-normalizer<4,>=2",
    "idna<4,>=2.5",
    "urllib3<3,>=1.21.1",
]
files = [
    {file = "requests-2.31.0-py3-none-any.whl", hash = "sha256:58cd2187c01e70e6e26505bca751777aa9f2ee0b7f4300988b709f44e013003f"},
    {file = "requests-2.31.0.tar.gz", hash = "sha256:942c5a758f98d790eaed1a29cb6eefc7ffb0d1cf7af05c3d2791656dbd6ad1e1"},
]

[[package]]
name = "sniffio"
version = "1.3.1"
requires_python = ">=3.7"
summary = "Sniff out which async library your code is running under"
groups = ["dev"]
files = [
    {file = "sniffio-1.3.1-py3-none-any.whl", hash = "sha256:2f6da418d1f1e0fddd844478f41680e794e6051915791a034ff65e5f100525a2"},
    {file = "sniffio-1.3.1.tar.gz", hash = "sha256:f4324edc670a0f49750a81b895f35c3adb843cca46f0530f79fc1babb23789dc"},
]

[[package]]
name = "snowballstemmer"
version = "2.2.0"
summary = "This package provides 29 stemmers for 28 languages generated from Snowball algorithms."
groups = ["dev", "doc"]
files = [
    {file = "snowballstemmer-2.2.0-py2.py3-none-any.whl", hash = "sha256:c8e1716e83cc398ae16824e5572ae04e0d9fc2c6b985fb0f900f5f0c96ecba1a"},
    {file = "snowballstemmer-2.2.0.tar.gz", hash = "sha256:09b16deb8547d3412ad7b590689584cd0fe25ec8db3be37788be3810cbf19cb1"},
]

[[package]]
name = "soupsieve"
version = "2.5"
requires_python = ">=3.8"
summary = "A modern CSS selector implementation for Beautiful Soup."
groups = ["doc"]
files = [
    {file = "soupsieve-2.5-py3-none-any.whl", hash = "sha256:eaa337ff55a1579b6549dc679565eac1e3d000563bcb1c8ab0d0fefbc0c2cdc7"},
    {file = "soupsieve-2.5.tar.gz", hash = "sha256:5663d5a7b3bfaeee0bc4372e7fc48f9cff4940b3eec54a6451cc5299f1097690"},
]

[[package]]
name = "sphinx"
version = "7.3.7"
requires_python = ">=3.9"
summary = "Python documentation generator"
groups = ["dev", "doc"]
dependencies = [
    "Jinja2>=3.0",
    "Pygments>=2.14",
    "alabaster~=0.7.14",
    "babel>=2.9",
    "colorama>=0.4.5; sys_platform == \"win32\"",
    "docutils<0.22,>=0.18.1",
    "imagesize>=1.3",
    "packaging>=21.0",
    "requests>=2.25.0",
    "snowballstemmer>=2.0",
    "sphinxcontrib-applehelp",
    "sphinxcontrib-devhelp",
    "sphinxcontrib-htmlhelp>=2.0.0",
    "sphinxcontrib-jsmath",
    "sphinxcontrib-qthelp",
    "sphinxcontrib-serializinghtml>=1.1.9",
]
files = [
    {file = "sphinx-7.3.7-py3-none-any.whl", hash = "sha256:413f75440be4cacf328f580b4274ada4565fb2187d696a84970c23f77b64d8c3"},
    {file = "sphinx-7.3.7.tar.gz", hash = "sha256:a4a7db75ed37531c05002d56ed6948d4c42f473a36f46e1382b0bd76ca9627bc"},
]

[[package]]
name = "sphinx-autobuild"
version = "2024.10.3"
requires_python = ">=3.11"
git = "https://github.com/un4gt/sphinx-autobuild.git"
ref = "main"
revision = "622d06de1891d1bd37c52ee98711f40036786324"
summary = "Rebuild Sphinx documentation on changes, with hot reloading in the browser."
groups = ["dev"]
dependencies = [
    "colorama>=0.4.6",
    "sphinx",
    "starlette>=0.35",
    "uvicorn>=0.25",
    "watchfiles>=0.20",
    "websockets>=11",
]

[[package]]
name = "sphinx-design"
version = "0.6.1"
requires_python = ">=3.9"
summary = "A sphinx extension for designing beautiful, view size responsive web components."
groups = ["doc"]
dependencies = [
    "sphinx<9,>=6",
]
files = [
    {file = "sphinx_design-0.6.1-py3-none-any.whl", hash = "sha256:b11f37db1a802a183d61b159d9a202314d4d2fe29c163437001324fe2f19549c"},
    {file = "sphinx_design-0.6.1.tar.gz", hash = "sha256:b44eea3719386d04d765c1a8257caca2b3e6f8421d7b3a5e742c0fd45f84e632"},
]

[[package]]
name = "sphinx-tabs"
version = "3.4.5"
requires_python = "~=3.7"
summary = "Tabbed views for Sphinx"
groups = ["doc"]
dependencies = [
    "docutils",
    "pygments",
    "sphinx",
]
files = [
    {file = "sphinx-tabs-3.4.5.tar.gz", hash = "sha256:ba9d0c1e3e37aaadd4b5678449eb08176770e0fc227e769b6ce747df3ceea531"},
    {file = "sphinx_tabs-3.4.5-py3-none-any.whl", hash = "sha256:92cc9473e2ecf1828ca3f6617d0efc0aa8acb06b08c56ba29d1413f2f0f6cf09"},
]

[[package]]
name = "sphinxawesome-theme"
version = "5.2.0"
requires_python = "<4.0,>=3.8"
summary = "An awesome theme for the Sphinx documentation generator"
groups = ["doc"]
dependencies = [
    "beautifulsoup4<5.0.0,>=4.9.1",
    "sphinx<7.4,>=7.2; python_version >= \"3.9\" and python_version < \"3.13\"",
]
files = [
    {file = "sphinxawesome_theme-5.2.0-py3-none-any.whl", hash = "sha256:56f1462f4ec4a5d66017819de6b7965a394d4157117bf12f029e7818d6789525"},
    {file = "sphinxawesome_theme-5.2.0.tar.gz", hash = "sha256:c24f1e5c0b9e475380d16fc5f1f3bfd84955817da0905d95f7e20809d7cd3c5d"},
]

[[package]]
name = "sphinxcontrib-analytics-hub"
version = "0.0.2"
requires_python = ">=3.11"
summary = "Sphinx extension for googleanalytics and baiduanalytics"
groups = ["doc"]
dependencies = [
    "sphinx>=7.3.7",
]
files = [
    {file = "sphinxcontrib_analytics_hub-0.0.2-py3-none-any.whl", hash = "sha256:4f23b3091687bacee3502b786eea2673263d32cfc621c874a73fdae1b5fdff88"},
    {file = "sphinxcontrib_analytics_hub-0.0.2.tar.gz", hash = "sha256:c7534c0d4f67c3863af0217e76df0615a90ad032f7fcde81f33b784c35b8d588"},
]

[[package]]
name = "sphinxcontrib-applehelp"
version = "1.0.8"
requires_python = ">=3.9"
summary = "sphinxcontrib-applehelp is a Sphinx extension which outputs Apple help books"
groups = ["dev", "doc"]
files = [
    {file = "sphinxcontrib_applehelp-1.0.8-py3-none-any.whl", hash = "sha256:cb61eb0ec1b61f349e5cc36b2028e9e7ca765be05e49641c97241274753067b4"},
    {file = "sphinxcontrib_applehelp-1.0.8.tar.gz", hash = "sha256:c40a4f96f3776c4393d933412053962fac2b84f4c99a7982ba42e09576a70619"},
]

[[package]]
name = "sphinxcontrib-del-marker"
version = "0.1.2"
requires_python = ">=3.11"
summary = "A sphinx plugin that enables embedding of HTML5 del"
groups = ["doc"]
dependencies = [
    "Sphinx>=7.3.7",
    "sphinxcontrib-serializinghtml>=1.1.10",
]
files = [
    {file = "sphinxcontrib_del_marker-0.1.2-py3-none-any.whl", hash = "sha256:ebb2e075b6c8bcc4744cd9b3bff19595afdf936661fae55ba2fe52fedcece9bc"},
    {file = "sphinxcontrib_del_marker-0.1.2.tar.gz", hash = "sha256:adeccddf736d025fe54676ff645bd6a945b7f5df1c80aabcf26c6436b5e9a73c"},
]

[[package]]
name = "sphinxcontrib-devhelp"
version = "1.0.6"
requires_python = ">=3.9"
summary = "sphinxcontrib-devhelp is a sphinx extension which outputs Devhelp documents"
groups = ["dev", "doc"]
files = [
    {file = "sphinxcontrib_devhelp-1.0.6-py3-none-any.whl", hash = "sha256:6485d09629944511c893fa11355bda18b742b83a2b181f9a009f7e500595c90f"},
    {file = "sphinxcontrib_devhelp-1.0.6.tar.gz", hash = "sha256:9893fd3f90506bc4b97bdb977ceb8fbd823989f4316b28c3841ec128544372d3"},
]

[[package]]
name = "sphinxcontrib-giscus"
version = "0.0.4"
requires_python = ">=3.8"
summary = "A sphinx extension that integrate Giscus to your sphinx doc"
groups = ["doc"]
dependencies = [
    "sphinx>=7.1.2",
]
files = [
    {file = "sphinxcontrib_giscus-0.0.4-py3-none-any.whl", hash = "sha256:04394984e08df076f9097ea1fe3e4f098e533a832bc7460846cb786c7b74646e"},
    {file = "sphinxcontrib_giscus-0.0.4.tar.gz", hash = "sha256:6aa7a3231b923034e6dcb2bbdd479ee229f2c356e67ba98fc590cc5ac259bb7e"},
]

[[package]]
name = "sphinxcontrib-htmlhelp"
version = "2.0.5"
requires_python = ">=3.9"
summary = "sphinxcontrib-htmlhelp is a sphinx extension which renders HTML help files"
groups = ["dev", "doc"]
files = [
    {file = "sphinxcontrib_htmlhelp-2.0.5-py3-none-any.whl", hash = "sha256:393f04f112b4d2f53d93448d4bce35842f62b307ccdc549ec1585e950bc35e04"},
    {file = "sphinxcontrib_htmlhelp-2.0.5.tar.gz", hash = "sha256:0dc87637d5de53dd5eec3a6a01753b1ccf99494bd756aafecd74b4fa9e729015"},
]

[[package]]
name = "sphinxcontrib-jsmath"
version = "1.0.1"
requires_python = ">=3.5"
summary = "A sphinx extension which renders display math in HTML via JavaScript"
groups = ["dev", "doc"]
files = [
    {file = "sphinxcontrib-jsmath-1.0.1.tar.gz", hash = "sha256:a9925e4a4587247ed2191a22df5f6970656cb8ca2bd6284309578f2153e0c4b8"},
    {file = "sphinxcontrib_jsmath-1.0.1-py2.py3-none-any.whl", hash = "sha256:2ec2eaebfb78f3f2078e73666b1415417a116cc848b72e5172e596c871103178"},
]

[[package]]
name = "sphinxcontrib-qthelp"
version = "1.0.7"
requires_python = ">=3.9"
summary = "sphinxcontrib-qthelp is a sphinx extension which outputs QtHelp documents"
groups = ["dev", "doc"]
files = [
    {file = "sphinxcontrib_qthelp-1.0.7-py3-none-any.whl", hash = "sha256:e2ae3b5c492d58fcbd73281fbd27e34b8393ec34a073c792642cd8e529288182"},
    {file = "sphinxcontrib_qthelp-1.0.7.tar.gz", hash = "sha256:053dedc38823a80a7209a80860b16b722e9e0209e32fea98c90e4e6624588ed6"},
]

[[package]]
name = "sphinxcontrib-serializinghtml"
version = "1.1.10"
requires_python = ">=3.9"
summary = "sphinxcontrib-serializinghtml is a sphinx extension which outputs \"serialized\" HTML files (json and pickle)"
groups = ["dev", "doc"]
files = [
    {file = "sphinxcontrib_serializinghtml-1.1.10-py3-none-any.whl", hash = "sha256:326369b8df80a7d2d8d7f99aa5ac577f51ea51556ed974e7716cfd4fca3f6cb7"},
    {file = "sphinxcontrib_serializinghtml-1.1.10.tar.gz", hash = "sha256:93f3f5dc458b91b192fe10c397e324f262cf163d79f3282c158e8436a2c4511f"},
]

[[package]]
name = "starlette"
version = "0.47.2"
requires_python = ">=3.9"
summary = "The little ASGI library that shines."
groups = ["dev"]
dependencies = [
    "anyio<5,>=3.6.2",
    "typing-extensions>=4.10.0; python_version < \"3.13\"",
]
files = [
    {file = "starlette-0.47.2-py3-none-any.whl", hash = "sha256:c5847e96134e5c5371ee9fac6fdf1a67336d5815e09eb2a01fdb57a351ef915b"},
    {file = "starlette-0.47.2.tar.gz", hash = "sha256:6ae9aa5db235e4846decc1e7b79c4f346adf41e9777aebeb49dfd09bbd7023d8"},
]

[[package]]
name = "typing-extensions"
version = "4.14.1"
requires_python = ">=3.9"
summary = "Backported and Experimental Type Hints for Python 3.9+"
groups = ["dev"]
marker = "python_version < \"3.13\""
files = [
    {file = "typing_extensions-4.14.1-py3-none-any.whl", hash = "sha256:d1e1e3b58374dc93031d6eda2420a48ea44a36c2b4766a4fdeb3710755731d76"},
    {file = "typing_extensions-4.14.1.tar.gz", hash = "sha256:38b39f4aeeab64884ce9f74c94263ef78f3c22467c8724005483154c26648d36"},
]

[[package]]
name = "urllib3"
version = "2.2.1"
requires_python = ">=3.8"
summary = "HTTP library with thread-safe connection pooling, file post, and more."
groups = ["dev", "doc"]
files = [
    {file = "urllib3-2.2.1-py3-none-any.whl", hash = "sha256:450b20ec296a467077128bff42b73080516e71b56ff59a60a02bef2232c4fa9d"},
    {file = "urllib3-2.2.1.tar.gz", hash = "sha256:d0570876c61ab9e520d776c38acbbb5b05a776d3f9ff98a5c8fd5162a444cf19"},
]

[[package]]
name = "uvicorn"
version = "0.35.0"
requires_python = ">=3.9"
summary = "The lightning-fast ASGI server."
groups = ["dev"]
dependencies = [
    "click>=7.0",
    "h11>=0.8",
]
files = [
    {file = "uvicorn-0.35.0-py3-none-any.whl", hash = "sha256:197535216b25ff9b785e29a0b79199f55222193d47f820816e7da751e9bc8d4a"},
    {file = "uvicorn-0.35.0.tar.gz", hash = "sha256:bc662f087f7cf2ce11a1d7fd70b90c9f98ef2e2831556dd078d131b96cc94a01"},
]

[[package]]
name = "watchfiles"
version = "1.1.0"
requires_python = ">=3.9"
summary = "Simple, modern and high performance file watching and code reload in python."
groups = ["dev"]
dependencies = [
    "anyio>=3.0.0",
]
files = [
    {file = "watchfiles-1.1.0-cp311-cp311-macosx_10_12_x86_64.whl", hash = "sha256:c9649dfc57cc1f9835551deb17689e8d44666315f2e82d337b9f07bd76ae3aa2"},
    {file = "watchfiles-1.1.0-cp311-cp311-macosx_11_0_arm64.whl", hash = "sha256:406520216186b99374cdb58bc48e34bb74535adec160c8459894884c983a149c"},
    {file = "watchfiles-1.1.0-cp311-cp311-manylinux_2_17_aarch64.manylinux2014_aarch64.whl", hash = "sha256:cb45350fd1dc75cd68d3d72c47f5b513cb0578da716df5fba02fff31c69d5f2d"},
    {file = "watchfiles-1.1.0-cp311-cp311-manylinux_2_17_armv7l.manylinux2014_armv7l.whl", hash = "sha256:11ee4444250fcbeb47459a877e5e80ed994ce8e8d20283857fc128be1715dac7"},
    {file = "watchfiles-1.1.0-cp311-cp311-manylinux_2_17_i686.manylinux2014_i686.whl", hash = "sha256:bda8136e6a80bdea23e5e74e09df0362744d24ffb8cd59c4a95a6ce3d142f79c"},
    {file = "watchfiles-1.1.0-cp311-cp311-manylinux_2_17_ppc64le.manylinux2014_ppc64le.whl", hash = "sha256:b915daeb2d8c1f5cee4b970f2e2c988ce6514aace3c9296e58dd64dc9aa5d575"},
    {file = "watchfiles-1.1.0-cp311-cp311-manylinux_2_17_s390x.manylinux2014_s390x.whl", hash = "sha256:ed8fc66786de8d0376f9f913c09e963c66e90ced9aa11997f93bdb30f7c872a8"},
    {file = "watchfiles-1.1.0-cp311-cp311-manylinux_2_17_x86_64.manylinux2014_x86_64.whl", hash = "sha256:fe4371595edf78c41ef8ac8df20df3943e13defd0efcb732b2e393b5a8a7a71f"},
    {file = "watchfiles-1.1.0-cp311-cp311-musllinux_1_1_aarch64.whl", hash = "sha256:b7c5f6fe273291f4d414d55b2c80d33c457b8a42677ad14b4b47ff025d0893e4"},
    {file = "watchfiles-1.1.0-cp311-cp311-musllinux_1_1_x86_64.whl", hash = "sha256:7738027989881e70e3723c75921f1efa45225084228788fc59ea8c6d732eb30d"},
    {file = "watchfiles-1.1.0-cp311-cp311-win32.whl", hash = "sha256:622d6b2c06be19f6e89b1d951485a232e3b59618def88dbeda575ed8f0d8dbf2"},
    {file = "watchfiles-1.1.0-cp311-cp311-win_amd64.whl", hash = "sha256:48aa25e5992b61debc908a61ab4d3f216b64f44fdaa71eb082d8b2de846b7d12"},
    {file = "watchfiles-1.1.0-cp311-cp311-win_arm64.whl", hash = "sha256:00645eb79a3faa70d9cb15c8d4187bb72970b2470e938670240c7998dad9f13a"},
    {file = "watchfiles-1.1.0-pp310-pypy310_pp73-macosx_10_12_x86_64.whl", hash = "sha256:3a6fd40bbb50d24976eb275ccb55cd1951dfb63dbc27cae3066a6ca5f4beabd5"},
    {file = "watchfiles-1.1.0-pp310-pypy310_pp73-macosx_11_0_arm64.whl", hash = "sha256:9f811079d2f9795b5d48b55a37aa7773680a5659afe34b54cc1d86590a51507d"},
    {file = "watchfiles-1.1.0-pp310-pypy310_pp73-manylinux_2_17_aarch64.manylinux2014_aarch64.whl", hash = "sha256:a2726d7bfd9f76158c84c10a409b77a320426540df8c35be172444394b17f7ea"},
    {file = "watchfiles-1.1.0-pp310-pypy310_pp73-manylinux_2_17_x86_64.manylinux2014_x86_64.whl", hash = "sha256:df32d59cb9780f66d165a9a7a26f19df2c7d24e3bd58713108b41d0ff4f929c6"},
    {file = "watchfiles-1.1.0-pp311-pypy311_pp73-macosx_10_12_x86_64.whl", hash = "sha256:0ece16b563b17ab26eaa2d52230c9a7ae46cf01759621f4fbbca280e438267b3"},
    {file = "watchfiles-1.1.0-pp311-pypy311_pp73-macosx_11_0_arm64.whl", hash = "sha256:51b81e55d40c4b4aa8658427a3ee7ea847c591ae9e8b81ef94a90b668999353c"},
    {file = "watchfiles-1.1.0-pp311-pypy311_pp73-manylinux_2_17_aarch64.manylinux2014_aarch64.whl", hash = "sha256:f2bcdc54ea267fe72bfc7d83c041e4eb58d7d8dc6f578dfddb52f037ce62f432"},
    {file = "watchfiles-1.1.0-pp311-pypy311_pp73-manylinux_2_17_x86_64.manylinux2014_x86_64.whl", hash = "sha256:923fec6e5461c42bd7e3fd5ec37492c6f3468be0499bc0707b4bbbc16ac21792"},
    {file = "watchfiles-1.1.0-pp39-pypy39_pp73-macosx_10_12_x86_64.whl", hash = "sha256:7b3443f4ec3ba5aa00b0e9fa90cf31d98321cbff8b925a7c7b84161619870bc9"},
    {file = "watchfiles-1.1.0-pp39-pypy39_pp73-macosx_11_0_arm64.whl", hash = "sha256:7049e52167fc75fc3cc418fc13d39a8e520cbb60ca08b47f6cedb85e181d2f2a"},
    {file = "watchfiles-1.1.0-pp39-pypy39_pp73-manylinux_2_17_aarch64.manylinux2014_aarch64.whl", hash = "sha256:54062ef956807ba806559b3c3d52105ae1827a0d4ab47b621b31132b6b7e2866"},
    {file = "watchfiles-1.1.0-pp39-pypy39_pp73-manylinux_2_17_x86_64.manylinux2014_x86_64.whl", hash = "sha256:7a7bd57a1bb02f9d5c398c0c1675384e7ab1dd39da0ca50b7f09af45fa435277"},
    {file = "watchfiles-1.1.0.tar.gz", hash = "sha256:693ed7ec72cbfcee399e92c895362b6e66d63dac6b91e2c11ae03d10d503e575"},
]

[[package]]
name = "websockets"
version = "15.0.1"
requires_python = ">=3.9"
summary = "An implementation of the WebSocket Protocol (RFC 6455 & 7692)"
groups = ["dev"]
files = [
    {file = "websockets-15.0.1-cp311-cp311-macosx_10_9_universal2.whl", hash = "sha256:823c248b690b2fd9303ba00c4f66cd5e2d8c3ba4aa968b2779be9532a4dad431"},
    {file = "websockets-15.0.1-cp311-cp311-macosx_10_9_x86_64.whl", hash = "sha256:678999709e68425ae2593acf2e3ebcbcf2e69885a5ee78f9eb80e6e371f1bf57"},
    {file = "websockets-15.0.1-cp311-cp311-macosx_11_0_arm64.whl", hash = "sha256:d50fd1ee42388dcfb2b3676132c78116490976f1300da28eb629272d5d93e905"},
    {file = "websockets-15.0.1-cp311-cp311-manylinux_2_17_aarch64.manylinux2014_aarch64.whl", hash = "sha256:d99e5546bf73dbad5bf3547174cd6cb8ba7273062a23808ffea025ecb1cf8562"},
    {file = "websockets-15.0.1-cp311-cp311-manylinux_2_5_i686.manylinux1_i686.manylinux_2_17_i686.manylinux2014_i686.whl", hash = "sha256:66dd88c918e3287efc22409d426c8f729688d89a0c587c88971a0faa2c2f3792"},
    {file = "websockets-15.0.1-cp311-cp311-manylinux_2_5_x86_64.manylinux1_x86_64.manylinux_2_17_x86_64.manylinux2014_x86_64.whl", hash = "sha256:8dd8327c795b3e3f219760fa603dcae1dcc148172290a8ab15158cf85a953413"},
    {file = "websockets-15.0.1-cp311-cp311-musllinux_1_2_aarch64.whl", hash = "sha256:8fdc51055e6ff4adeb88d58a11042ec9a5eae317a0a53d12c062c8a8865909e8"},
    {file = "websockets-15.0.1-cp311-cp311-musllinux_1_2_i686.whl", hash = "sha256:693f0192126df6c2327cce3baa7c06f2a117575e32ab2308f7f8216c29d9e2e3"},
    {file = "websockets-15.0.1-cp311-cp311-musllinux_1_2_x86_64.whl", hash = "sha256:54479983bd5fb469c38f2f5c7e3a24f9a4e70594cd68cd1fa6b9340dadaff7cf"},
    {file = "websockets-15.0.1-cp311-cp311-win32.whl", hash = "sha256:16b6c1b3e57799b9d38427dda63edcbe4926352c47cf88588c0be4ace18dac85"},
    {file = "websockets-15.0.1-cp311-cp311-win_amd64.whl", hash = "sha256:27ccee0071a0e75d22cb35849b1db43f2ecd3e161041ac1ee9d2352ddf72f065"},
    {file = "websockets-15.0.1-pp310-pypy310_pp73-macosx_10_15_x86_64.whl", hash = "sha256:0c9e74d766f2818bb95f84c25be4dea09841ac0f734d1966f415e4edfc4ef1c3"},
    {file = "websockets-15.0.1-pp310-pypy310_pp73-macosx_11_0_arm64.whl", hash = "sha256:1009ee0c7739c08a0cd59de430d6de452a55e42d6b522de7aa15e6f67db0b8e1"},
    {file = "websockets-15.0.1-pp310-pypy310_pp73-manylinux_2_17_aarch64.manylinux2014_aarch64.whl", hash = "sha256:76d1f20b1c7a2fa82367e04982e708723ba0e7b8d43aa643d3dcd404d74f1475"},
    {file = "websockets-15.0.1-pp310-pypy310_pp73-manylinux_2_5_i686.manylinux1_i686.manylinux_2_17_i686.manylinux2014_i686.whl", hash = "sha256:f29d80eb9a9263b8d109135351caf568cc3f80b9928bccde535c235de55c22d9"},
    {file = "websockets-15.0.1-pp310-pypy310_pp73-manylinux_2_5_x86_64.manylinux1_x86_64.manylinux_2_17_x86_64.manylinux2014_x86_64.whl", hash = "sha256:b359ed09954d7c18bbc1680f380c7301f92c60bf924171629c5db97febb12f04"},
    {file = "websockets-15.0.1-pp310-pypy310_pp73-win_amd64.whl", hash = "sha256:cad21560da69f4ce7658ca2cb83138fb4cf695a2ba3e475e0559e05991aa8122"},
    {file = "websockets-15.0.1-pp39-pypy39_pp73-macosx_10_15_x86_64.whl", hash = "sha256:7f493881579c90fc262d9cdbaa05a6b54b3811c2f300766748db79f098db9940"},
    {file = "websockets-15.0.1-pp39-pypy39_pp73-macosx_11_0_arm64.whl", hash = "sha256:47b099e1f4fbc95b701b6e85768e1fcdaf1630f3cbe4765fa216596f12310e2e"},
    {file = "websockets-15.0.1-pp39-pypy39_pp73-manylinux_2_17_aarch64.manylinux2014_aarch64.whl", hash = "sha256:67f2b6de947f8c757db2db9c71527933ad0019737ec374a8a6be9a956786aaf9"},
    {file = "websockets-15.0.1-pp39-pypy39_pp73-manylinux_2_5_i686.manylinux1_i686.manylinux_2_17_i686.manylinux2014_i686.whl", hash = "sha256:d08eb4c2b7d6c41da6ca0600c077e93f5adcfd979cd777d747e9ee624556da4b"},
    {file = "websockets-15.0.1-pp39-pypy39_pp73-manylinux_2_5_x86_64.manylinux1_x86_64.manylinux_2_17_x86_64.manylinux2014_x86_64.whl", hash = "sha256:4b826973a4a2ae47ba357e4e82fa44a463b8f168e1ca775ac64521442b19e87f"},
    {file = "websockets-15.0.1-pp39-pypy39_pp73-win_amd64.whl", hash = "sha256:21c1fa28a6a7e3cbdc171c694398b6df4744613ce9b36b1a498e816787e28123"},
    {file = "websockets-15.0.1-py3-none-any.whl", hash = "sha256:f7a866fbc1e97b5c617ee4116daaa09b722101d4a3c170c787450ba409f9736f"},
    {file = "websockets-15.0.1.tar.gz", hash = "sha256:82544de02076bafba038ce055ee6412d68da13ab47f0c60cab827346de828dee"},
]
